
Microsoft Visual Studio Solution File, Format Version 12.00
# Visual Studio Version 16
VisualStudioVersion = 16.0.30413.136
MinimumVisualStudioVersion = 10.0.40219.1
Project("{FAE04EC0-301F-11D3-BF4B-00C04F79EFBC}") = "Class03.Models", "Class03.Models\Class03.Models.csproj", "{82C236B0-2EE1-4BE6-8956-84004A1323FD}"
EndProject
Global
	GlobalSection(SolutionConfigurationPlatforms) = preSolution
		Debug|Any CPU = Debug|Any CPU
		Release|Any CPU = Release|Any CPU
	EndGlobalSection
	GlobalSection(ProjectConfigurationPlatforms) = postSolution
		{82C236B0-2EE1-4BE6-8956-84004A1323FD}.Debug|Any CPU.ActiveCfg = Debug|Any CPU
		{82C236B0-2EE1-4BE6-8956-84004A1323FD}.Debug|Any CPU.Build.0 = Debug|Any CPU
		{82C236B0-2EE1-4BE6-8956-84004A1323FD}.Release|Any CPU.ActiveCfg = Release|Any CPU
		{82C236B0-2EE1-4BE6-8956-84004A1323FD}.Release|Any CPU.Build.0 = Release|Any CPU
	EndGlobalSection
	GlobalSection(SolutionProperties) = preSolution
		HideSolutionNode = FALSE
	EndGlobalSection
	GlobalSection(ExtensibilityGlobals) = postSolution
		SolutionGuid = {B14D26C8-7EDB-4976-9FE4-7175EFEEA39D}
	EndGlobalSection
EndGlobal
