
Microsoft Visual Studio Solution File, Format Version 12.00
# Visual Studio Version 16
VisualStudioVersion = 16.0.30413.136
MinimumVisualStudioVersion = 10.0.40219.1
Project("{FAE04EC0-301F-11D3-BF4B-00C04F79EFBC}") = "Class01DemoApp.ASPNETMVC", "Class01DemoApp.ASPNETMVC\Class01DemoApp.ASPNETMVC.csproj", "{AB22BA14-6A60-4B7B-8CCD-2E88E963E53B}"
EndProject
Global
	GlobalSection(SolutionConfigurationPlatforms) = preSolution
		Debug|Any CPU = Debug|Any CPU
		Release|Any CPU = Release|Any CPU
	EndGlobalSection
	GlobalSection(ProjectConfigurationPlatforms) = postSolution
		{AB22BA14-6A60-4B7B-8CCD-2E88E963E53B}.Debug|Any CPU.ActiveCfg = Debug|Any CPU
		{AB22BA14-6A60-4B7B-8CCD-2E88E963E53B}.Debug|Any CPU.Build.0 = Debug|Any CPU
		{AB22BA14-6A60-4B7B-8CCD-2E88E963E53B}.Release|Any CPU.ActiveCfg = Release|Any CPU
		{AB22BA14-6A60-4B7B-8CCD-2E88E963E53B}.Release|Any CPU.Build.0 = Release|Any CPU
	EndGlobalSection
	GlobalSection(SolutionProperties) = preSolution
		HideSolutionNode = FALSE
	EndGlobalSection
	GlobalSection(ExtensibilityGlobals) = postSolution
		SolutionGuid = {4E811368-D5EB-4AB6-8F3E-8C2D0560F4F1}
	EndGlobalSection
EndGlobal
