
Microsoft Visual Studio Solution File, Format Version 12.00
# Visual Studio Version 16
VisualStudioVersion = 16.0.30011.22
MinimumVisualStudioVersion = 10.0.40219.1
Project("{FAE04EC0-301F-11D3-BF4B-00C04F79EFBC}") = "SEDC.Library", "SEDC.Library.csproj", "{02155530-79F0-40A2-A6D3-8C3E1F1F7DB6}"
EndProject
Global
	GlobalSection(SolutionConfigurationPlatforms) = preSolution
		Debug|Any CPU = Debug|Any CPU
		Release|Any CPU = Release|Any CPU
	EndGlobalSection
	GlobalSection(ProjectConfigurationPlatforms) = postSolution
		{02155530-79F0-40A2-A6D3-8C3E1F1F7DB6}.Debug|Any CPU.ActiveCfg = Debug|Any CPU
		{02155530-79F0-40A2-A6D3-8C3E1F1F7DB6}.Debug|Any CPU.Build.0 = Debug|Any CPU
		{02155530-79F0-40A2-A6D3-8C3E1F1F7DB6}.Release|Any CPU.ActiveCfg = Release|Any CPU
		{02155530-79F0-40A2-A6D3-8C3E1F1F7DB6}.Release|Any CPU.Build.0 = Release|Any CPU
	EndGlobalSection
	GlobalSection(SolutionProperties) = preSolution
		HideSolutionNode = FALSE
	EndGlobalSection
	GlobalSection(ExtensibilityGlobals) = postSolution
		SolutionGuid = {5BD1DD19-842C-4A97-BBC5-B9DB6B1CEB62}
	EndGlobalSection
EndGlobal
