
Microsoft Visual Studio Solution File, Format Version 12.00
# Visual Studio Version 16
VisualStudioVersion = 16.0.30413.136
MinimumVisualStudioVersion = 10.0.40219.1
Project("{FAE04EC0-301F-11D3-BF4B-00C04F79EFBC}") = "FirstClass_Demo_App", "FirstClass_Demo_App\FirstClass_Demo_App.csproj", "{44E9461E-012D-4AA5-9AAF-D8AE9CB6278A}"
EndProject
Global
	GlobalSection(SolutionConfigurationPlatforms) = preSolution
		Debug|Any CPU = Debug|Any CPU
		Release|Any CPU = Release|Any CPU
	EndGlobalSection
	GlobalSection(ProjectConfigurationPlatforms) = postSolution
		{44E9461E-012D-4AA5-9AAF-D8AE9CB6278A}.Debug|Any CPU.ActiveCfg = Debug|Any CPU
		{44E9461E-012D-4AA5-9AAF-D8AE9CB6278A}.Debug|Any CPU.Build.0 = Debug|Any CPU
		{44E9461E-012D-4AA5-9AAF-D8AE9CB6278A}.Release|Any CPU.ActiveCfg = Release|Any CPU
		{44E9461E-012D-4AA5-9AAF-D8AE9CB6278A}.Release|Any CPU.Build.0 = Release|Any CPU
	EndGlobalSection
	GlobalSection(SolutionProperties) = preSolution
		HideSolutionNode = FALSE
	EndGlobalSection
	GlobalSection(ExtensibilityGlobals) = postSolution
		SolutionGuid = {13CD2C55-39EF-4078-9EC6-F6F3484FE7C0}
	EndGlobalSection
EndGlobal
