
Microsoft Visual Studio Solution File, Format Version 12.00
# Visual Studio Version 16
VisualStudioVersion = 16.0.30320.27
MinimumVisualStudioVersion = 10.0.40219.1
Project("{FAE04EC0-301F-11D3-BF4B-00C04F79EFBC}") = "WebApplication1", "WebApplication1\WebApplication1.csproj", "{CBA5569E-46E7-45C5-A097-602025F46F02}"
EndProject
Global
	GlobalSection(SolutionConfigurationPlatforms) = preSolution
		Debug|Any CPU = Debug|Any CPU
		Release|Any CPU = Release|Any CPU
	EndGlobalSection
	GlobalSection(ProjectConfigurationPlatforms) = postSolution
		{CBA5569E-46E7-45C5-A097-602025F46F02}.Debug|Any CPU.ActiveCfg = Debug|Any CPU
		{CBA5569E-46E7-45C5-A097-602025F46F02}.Debug|Any CPU.Build.0 = Debug|Any CPU
		{CBA5569E-46E7-45C5-A097-602025F46F02}.Release|Any CPU.ActiveCfg = Release|Any CPU
		{CBA5569E-46E7-45C5-A097-602025F46F02}.Release|Any CPU.Build.0 = Release|Any CPU
	EndGlobalSection
	GlobalSection(SolutionProperties) = preSolution
		HideSolutionNode = FALSE
	EndGlobalSection
	GlobalSection(ExtensibilityGlobals) = postSolution
		SolutionGuid = {B83A6BA0-4D4F-4B60-9501-03E7D5178723}
	EndGlobalSection
EndGlobal
