
Microsoft Visual Studio Solution File, Format Version 12.00
# Visual Studio Version 16
VisualStudioVersion = 16.0.30428.66
MinimumVisualStudioVersion = 10.0.40219.1
Project("{FAE04EC0-301F-11D3-BF4B-00C04F79EFBC}") = "SEDC.MVC.BuildeingApps.DataAccess", "SEDC.MVC.BuildeingApps.DataAccess\SEDC.MVC.BuildeingApps.DataAccess.csproj", "{963AC8F1-83E8-46E5-ACB4-BEF991EA79BC}"
EndProject
Project("{FAE04EC0-301F-11D3-BF4B-00C04F79EFBC}") = "SEDC.MVC.BuildingApps.Services", "SEDC.MVC.BuildingApps.Services\SEDC.MVC.BuildingApps.Services.csproj", "{7E6B6847-BCF8-4156-BE1E-586027A72322}"
EndProject
Project("{FAE04EC0-301F-11D3-BF4B-00C04F79EFBC}") = "SEDC.MVC.BuildingApps.Web", "SEDC.MVC.BuildingApps.Web\SEDC.MVC.BuildingApps.Web.csproj", "{7458D92C-09BA-46CA-AFE8-B93EE1F325D1}"
EndProject
Project("{FAE04EC0-301F-11D3-BF4B-00C04F79EFBC}") = "SEDC.MVC.BuildingApps.Domain", "SEDC.MVC.BuildingApps.Domain\SEDC.MVC.BuildingApps.Domain.csproj", "{FC569112-51CC-4B81-8CFB-9E4A70348446}"
EndProject
Global
	GlobalSection(SolutionConfigurationPlatforms) = preSolution
		Debug|Any CPU = Debug|Any CPU
		Release|Any CPU = Release|Any CPU
	EndGlobalSection
	GlobalSection(ProjectConfigurationPlatforms) = postSolution
		{963AC8F1-83E8-46E5-ACB4-BEF991EA79BC}.Debug|Any CPU.ActiveCfg = Debug|Any CPU
		{963AC8F1-83E8-46E5-ACB4-BEF991EA79BC}.Debug|Any CPU.Build.0 = Debug|Any CPU
		{963AC8F1-83E8-46E5-ACB4-BEF991EA79BC}.Release|Any CPU.ActiveCfg = Release|Any CPU
		{963AC8F1-83E8-46E5-ACB4-BEF991EA79BC}.Release|Any CPU.Build.0 = Release|Any CPU
		{7E6B6847-BCF8-4156-BE1E-586027A72322}.Debug|Any CPU.ActiveCfg = Debug|Any CPU
		{7E6B6847-BCF8-4156-BE1E-586027A72322}.Debug|Any CPU.Build.0 = Debug|Any CPU
		{7E6B6847-BCF8-4156-BE1E-586027A72322}.Release|Any CPU.ActiveCfg = Release|Any CPU
		{7E6B6847-BCF8-4156-BE1E-586027A72322}.Release|Any CPU.Build.0 = Release|Any CPU
		{7458D92C-09BA-46CA-AFE8-B93EE1F325D1}.Debug|Any CPU.ActiveCfg = Debug|Any CPU
		{7458D92C-09BA-46CA-AFE8-B93EE1F325D1}.Debug|Any CPU.Build.0 = Debug|Any CPU
		{7458D92C-09BA-46CA-AFE8-B93EE1F325D1}.Release|Any CPU.ActiveCfg = Release|Any CPU
		{7458D92C-09BA-46CA-AFE8-B93EE1F325D1}.Release|Any CPU.Build.0 = Release|Any CPU
		{FC569112-51CC-4B81-8CFB-9E4A70348446}.Debug|Any CPU.ActiveCfg = Debug|Any CPU
		{FC569112-51CC-4B81-8CFB-9E4A70348446}.Debug|Any CPU.Build.0 = Debug|Any CPU
		{FC569112-51CC-4B81-8CFB-9E4A70348446}.Release|Any CPU.ActiveCfg = Release|Any CPU
		{FC569112-51CC-4B81-8CFB-9E4A70348446}.Release|Any CPU.Build.0 = Release|Any CPU
	EndGlobalSection
	GlobalSection(SolutionProperties) = preSolution
		HideSolutionNode = FALSE
	EndGlobalSection
	GlobalSection(ExtensibilityGlobals) = postSolution
		SolutionGuid = {11AE370B-C58F-4FA6-8CFF-492ED411D9E3}
	EndGlobalSection
EndGlobal
