
Microsoft Visual Studio Solution File, Format Version 12.00
# Visual Studio Version 16
VisualStudioVersion = 16.0.29728.190
MinimumVisualStudioVersion = 10.0.40219.1
Project("{FAE04EC0-301F-11D3-BF4B-00C04F79EFBC}") = "SEDC.AspNet.Class02.App", "SEDC.AspNet.Class02.App\SEDC.AspNet.Class02.App.csproj", "{5382748F-BC91-48D4-814D-83E16750E24E}"
EndProject
Global
	GlobalSection(SolutionConfigurationPlatforms) = preSolution
		Debug|Any CPU = Debug|Any CPU
		Release|Any CPU = Release|Any CPU
	EndGlobalSection
	GlobalSection(ProjectConfigurationPlatforms) = postSolution
		{5382748F-BC91-48D4-814D-83E16750E24E}.Debug|Any CPU.ActiveCfg = Debug|Any CPU
		{5382748F-BC91-48D4-814D-83E16750E24E}.Debug|Any CPU.Build.0 = Debug|Any CPU
		{5382748F-BC91-48D4-814D-83E16750E24E}.Release|Any CPU.ActiveCfg = Release|Any CPU
		{5382748F-BC91-48D4-814D-83E16750E24E}.Release|Any CPU.Build.0 = Release|Any CPU
	EndGlobalSection
	GlobalSection(SolutionProperties) = preSolution
		HideSolutionNode = FALSE
	EndGlobalSection
	GlobalSection(ExtensibilityGlobals) = postSolution
		SolutionGuid = {6390A8D7-256E-4F0D-9771-E26F47E2A95B}
	EndGlobalSection
EndGlobal
