
Microsoft Visual Studio Solution File, Format Version 12.00
# Visual Studio Version 16
VisualStudioVersion = 16.0.30503.244
MinimumVisualStudioVersion = 10.0.40219.1
Project("{FAE04EC0-301F-11D3-BF4B-00C04F79EFBC}") = "SimpleAppWithEntity.Web", "SimpleAppWithEntity.Web\SimpleAppWithEntity.Web.csproj", "{97563F9F-35D0-4608-825A-F5CC10DE4D00}"
EndProject
Project("{FAE04EC0-301F-11D3-BF4B-00C04F79EFBC}") = "SimpleAppWithEntity.ViewModels", "SimpleAppWithEntity.ViewModels\SimpleAppWithEntity.ViewModels.csproj", "{3E5B5FB4-B648-41A6-A32A-B1646B29C0A6}"
EndProject
Project("{FAE04EC0-301F-11D3-BF4B-00C04F79EFBC}") = "SimpleAppWithEntity.Services", "SimpleAppWithEntity.Services\SimpleAppWithEntity.Services.csproj", "{60406986-A187-47B3-A63B-0CFC932CA662}"
EndProject
Project("{FAE04EC0-301F-11D3-BF4B-00C04F79EFBC}") = "SimpleAppWithEntity.DataModels", "SimpleAppWithEntity.DataModels\SimpleAppWithEntity.DataModels.csproj", "{A4B14975-0E32-4502-81D7-41284CB63EC3}"
EndProject
Project("{FAE04EC0-301F-11D3-BF4B-00C04F79EFBC}") = "SimpleAppWithEntity.DataAccess", "SimpleAppWithEntity.DataAccess\SimpleAppWithEntity.DataAccess.csproj", "{711B5F3F-3E12-4F42-A256-AC8E1D24963A}"
EndProject
Global
	GlobalSection(SolutionConfigurationPlatforms) = preSolution
		Debug|Any CPU = Debug|Any CPU
		Release|Any CPU = Release|Any CPU
	EndGlobalSection
	GlobalSection(ProjectConfigurationPlatforms) = postSolution
		{97563F9F-35D0-4608-825A-F5CC10DE4D00}.Debug|Any CPU.ActiveCfg = Debug|Any CPU
		{97563F9F-35D0-4608-825A-F5CC10DE4D00}.Debug|Any CPU.Build.0 = Debug|Any CPU
		{97563F9F-35D0-4608-825A-F5CC10DE4D00}.Release|Any CPU.ActiveCfg = Release|Any CPU
		{97563F9F-35D0-4608-825A-F5CC10DE4D00}.Release|Any CPU.Build.0 = Release|Any CPU
		{3E5B5FB4-B648-41A6-A32A-B1646B29C0A6}.Debug|Any CPU.ActiveCfg = Debug|Any CPU
		{3E5B5FB4-B648-41A6-A32A-B1646B29C0A6}.Debug|Any CPU.Build.0 = Debug|Any CPU
		{3E5B5FB4-B648-41A6-A32A-B1646B29C0A6}.Release|Any CPU.ActiveCfg = Release|Any CPU
		{3E5B5FB4-B648-41A6-A32A-B1646B29C0A6}.Release|Any CPU.Build.0 = Release|Any CPU
		{60406986-A187-47B3-A63B-0CFC932CA662}.Debug|Any CPU.ActiveCfg = Debug|Any CPU
		{60406986-A187-47B3-A63B-0CFC932CA662}.Debug|Any CPU.Build.0 = Debug|Any CPU
		{60406986-A187-47B3-A63B-0CFC932CA662}.Release|Any CPU.ActiveCfg = Release|Any CPU
		{60406986-A187-47B3-A63B-0CFC932CA662}.Release|Any CPU.Build.0 = Release|Any CPU
		{A4B14975-0E32-4502-81D7-41284CB63EC3}.Debug|Any CPU.ActiveCfg = Debug|Any CPU
		{A4B14975-0E32-4502-81D7-41284CB63EC3}.Debug|Any CPU.Build.0 = Debug|Any CPU
		{A4B14975-0E32-4502-81D7-41284CB63EC3}.Release|Any CPU.ActiveCfg = Release|Any CPU
		{A4B14975-0E32-4502-81D7-41284CB63EC3}.Release|Any CPU.Build.0 = Release|Any CPU
		{711B5F3F-3E12-4F42-A256-AC8E1D24963A}.Debug|Any CPU.ActiveCfg = Debug|Any CPU
		{711B5F3F-3E12-4F42-A256-AC8E1D24963A}.Debug|Any CPU.Build.0 = Debug|Any CPU
		{711B5F3F-3E12-4F42-A256-AC8E1D24963A}.Release|Any CPU.ActiveCfg = Release|Any CPU
		{711B5F3F-3E12-4F42-A256-AC8E1D24963A}.Release|Any CPU.Build.0 = Release|Any CPU
	EndGlobalSection
	GlobalSection(SolutionProperties) = preSolution
		HideSolutionNode = FALSE
	EndGlobalSection
	GlobalSection(ExtensibilityGlobals) = postSolution
		SolutionGuid = {53EBDC57-1E4D-418A-80B7-17064249E109}
	EndGlobalSection
EndGlobal
